// !$*UTF8*$!
{
	archiveVersion = 1;
	classes = {
	};
	objectVersion = 56;
	objects = {

/* Begin PBXBuildFile section */
		3DA08CE92AD1874E008645B6 /* AppDelegate.swift in Sources */ = {isa = PBXBuildFile; fileRef = 3DA08CE82AD1874E008645B6 /* AppDelegate.swift */; };
		3DA08CEB2AD1874E008645B6 /* SceneDelegate.swift in Sources */ = {isa = PBXBuildFile; fileRef = 3DA08CEA2AD1874E008645B6 /* SceneDelegate.swift */; };
		3DA08CF22AD1874F008645B6 /* Assets.xcassets in Resources */ = {isa = PBXBuildFile; fileRef = 3DA08CF12AD1874F008645B6 /* Assets.xcassets */; };
		3DA08CF52AD1874F008645B6 /* LaunchScreen.storyboard in Resources */ = {isa = PBXBuildFile; fileRef = 3DA08CF32AD1874F008645B6 /* LaunchScreen.storyboard */; };
		3DA08D002AD1874F008645B6 /* WeatherAppTests.swift in Sources */ = {isa = PBXBuildFile; fileRef = 3DA08CFF2AD1874F008645B6 /* WeatherAppTests.swift */; };
		3DA08D1A2AD18C36008645B6 /* WeatherView.swift in Sources */ = {isa = PBXBuildFile; fileRef = 3DA08D192AD18C36008645B6 /* WeatherView.swift */; };
		3DA08D1F2AD18F4F008645B6 /* WeatherViewModel.swift in Sources */ = {isa = PBXBuildFile; fileRef = 3DA08D1E2AD18F4F008645B6 /* WeatherViewModel.swift */; };
		3DA08D232AD19115008645B6 /* HTTPClient.swift in Sources */ = {isa = PBXBuildFile; fileRef = 3DA08D222AD19115008645B6 /* HTTPClient.swift */; };
		3DA08D252AD19127008645B6 /* HTTPClientTask.swift in Sources */ = {isa = PBXBuildFile; fileRef = 3DA08D242AD19127008645B6 /* HTTPClientTask.swift */; };
		3DA08D272AD191E5008645B6 /* URLSessionHTTPClientTask.swift in Sources */ = {isa = PBXBuildFile; fileRef = 3DA08D262AD191E5008645B6 /* URLSessionHTTPClientTask.swift */; };
		3DA08D2A2AD1955A008645B6 /* CurrentWeatherNetworkService.swift in Sources */ = {isa = PBXBuildFile; fileRef = 3DA08D292AD1955A008645B6 /* CurrentWeatherNetworkService.swift */; };
		3DA08D2C2AD1977C008645B6 /* CurrentWeather.swift in Sources */ = {isa = PBXBuildFile; fileRef = 3DA08D2B2AD1977C008645B6 /* CurrentWeather.swift */; };
		3DA08D2E2AD19A5A008645B6 /* CurrentWeatherService.swift in Sources */ = {isa = PBXBuildFile; fileRef = 3DA08D2D2AD19A5A008645B6 /* CurrentWeatherService.swift */; };
		3DA08D302AD19DD8008645B6 /* APISecrets.swift in Sources */ = {isa = PBXBuildFile; fileRef = 3DA08D2F2AD19DD8008645B6 /* APISecrets.swift */; };
		3DA08D332AD1DAF0008645B6 /* CurrentWeatherMain.swift in Sources */ = {isa = PBXBuildFile; fileRef = 3DA08D322AD1DAF0008645B6 /* CurrentWeatherMain.swift */; };
		3DA08D352AD1DC9E008645B6 /* WeatherCondition.swift in Sources */ = {isa = PBXBuildFile; fileRef = 3DA08D342AD1DC9E008645B6 /* WeatherCondition.swift */; };
		3DA08D372AD1E168008645B6 /* WeatherMapper.swift in Sources */ = {isa = PBXBuildFile; fileRef = 3DA08D362AD1E168008645B6 /* WeatherMapper.swift */; };
		3DA08D392AD1E2A3008645B6 /* NetworkError.swift in Sources */ = {isa = PBXBuildFile; fileRef = 3DA08D382AD1E2A3008645B6 /* NetworkError.swift */; };
		3DA08D3E2AD2A814008645B6 /* SearchView.swift in Sources */ = {isa = PBXBuildFile; fileRef = 3DA08D3D2AD2A814008645B6 /* SearchView.swift */; };
		3DA08D402AD2A830008645B6 /* SearchViewModel.swift in Sources */ = {isa = PBXBuildFile; fileRef = 3DA08D3F2AD2A830008645B6 /* SearchViewModel.swift */; };
		3DA08D422AD2C312008645B6 /* WeatherLocationService.swift in Sources */ = {isa = PBXBuildFile; fileRef = 3DA08D412AD2C312008645B6 /* WeatherLocationService.swift */; };
		3DA08D442AD2C31F008645B6 /* WeatherLocationNetworkService.swift in Sources */ = {isa = PBXBuildFile; fileRef = 3DA08D432AD2C31F008645B6 /* WeatherLocationNetworkService.swift */; };
		3DA08D462AD2C499008645B6 /* WeatherLocation.swift in Sources */ = {isa = PBXBuildFile; fileRef = 3DA08D452AD2C499008645B6 /* WeatherLocation.swift */; };
		3DA08D482AD2D27E008645B6 /* WeatherLocationMapper.swift in Sources */ = {isa = PBXBuildFile; fileRef = 3DA08D472AD2D27E008645B6 /* WeatherLocationMapper.swift */; };
		3DA08D4C2AD339F5008645B6 /* LocationService.swift in Sources */ = {isa = PBXBuildFile; fileRef = 3DA08D4B2AD339F5008645B6 /* LocationService.swift */; };
		3DA08D4E2AD36116008645B6 /* Coordinate.swift in Sources */ = {isa = PBXBuildFile; fileRef = 3DA08D4D2AD36116008645B6 /* Coordinate.swift */; };
		3DA08D512AD361DE008645B6 /* LocationServiceError.swift in Sources */ = {isa = PBXBuildFile; fileRef = 3DA08D502AD361DE008645B6 /* LocationServiceError.swift */; };
		3DA08D532AD361F2008645B6 /* CurrentLocationService.swift in Sources */ = {isa = PBXBuildFile; fileRef = 3DA08D522AD361F2008645B6 /* CurrentLocationService.swift */; };
		3DA08D552AD4157F008645B6 /* Endpoint.swift in Sources */ = {isa = PBXBuildFile; fileRef = 3DA08D542AD4157F008645B6 /* Endpoint.swift */; };
		3DA08D572AD47D3A008645B6 /* Units.swift in Sources */ = {isa = PBXBuildFile; fileRef = 3DA08D562AD47D3A008645B6 /* Units.swift */; };
		3DA08D592AD482DC008645B6 /* Constants.swift in Sources */ = {isa = PBXBuildFile; fileRef = 3DA08D582AD482DC008645B6 /* Constants.swift */; };
		3DA08D5B2AD54C2D008645B6 /* State.swift in Sources */ = {isa = PBXBuildFile; fileRef = 3DA08D5A2AD54C2D008645B6 /* State.swift */; };
		3DA08D5D2AD5751F008645B6 /* Wind.swift in Sources */ = {isa = PBXBuildFile; fileRef = 3DA08D5C2AD5751F008645B6 /* Wind.swift */; };
		3DA08D5F2AD57537008645B6 /* Clouds.swift in Sources */ = {isa = PBXBuildFile; fileRef = 3DA08D5E2AD57537008645B6 /* Clouds.swift */; };
		3DA08D612AD57544008645B6 /* Sun.swift in Sources */ = {isa = PBXBuildFile; fileRef = 3DA08D602AD57544008645B6 /* Sun.swift */; };
		3DA08D632AD57A29008645B6 /* WeatherDisplayModel.swift in Sources */ = {isa = PBXBuildFile; fileRef = 3DA08D622AD57A29008645B6 /* WeatherDisplayModel.swift */; };
		3DA08D652AD6FACA008645B6 /* View+RoundedCorners.swift in Sources */ = {isa = PBXBuildFile; fileRef = 3DA08D642AD6FACA008645B6 /* View+RoundedCorners.swift */; };
		3DA08D672AD6FAF8008645B6 /* WeatherDataHalfCell.swift in Sources */ = {isa = PBXBuildFile; fileRef = 3DA08D662AD6FAF8008645B6 /* WeatherDataHalfCell.swift */; };
		3DA08D692AD6FB0F008645B6 /* WeatherDataCell.swift in Sources */ = {isa = PBXBuildFile; fileRef = 3DA08D682AD6FB0F008645B6 /* WeatherDataCell.swift */; };
		3DA08D6B2AD6FB78008645B6 /* ErrorView.swift in Sources */ = {isa = PBXBuildFile; fileRef = 3DA08D6A2AD6FB78008645B6 /* ErrorView.swift */; };
		3DA08D6E2AD6FBC2008645B6 /* WeatherContentView.swift in Sources */ = {isa = PBXBuildFile; fileRef = 3DA08D6D2AD6FBC2008645B6 /* WeatherContentView.swift */; };
		3DA08D702AD72975008645B6 /* WeatherBackround.swift in Sources */ = {isa = PBXBuildFile; fileRef = 3DA08D6F2AD72975008645B6 /* WeatherBackround.swift */; };
/* End PBXBuildFile section */

/* Begin PBXContainerItemProxy section */
		3DA08CFC2AD1874F008645B6 /* PBXContainerItemProxy */ = {
			isa = PBXContainerItemProxy;
			containerPortal = 3DA08CDD2AD1874E008645B6 /* Project object */;
			proxyType = 1;
			remoteGlobalIDString = 3DA08CE42AD1874E008645B6;
			remoteInfo = WeatherApp;
		};
/* End PBXContainerItemProxy section */

/* Begin PBXFileReference section */
		3DA08CE52AD1874E008645B6 /* WeatherApp.app */ = {isa = PBXFileReference; explicitFileType = wrapper.application; includeInIndex = 0; path = WeatherApp.app; sourceTree = BUILT_PRODUCTS_DIR; };
		3DA08CE82AD1874E008645B6 /* AppDelegate.swift */ = {isa = PBXFileReference; lastKnownFileType = sourcecode.swift; path = AppDelegate.swift; sourceTree = "<group>"; };
		3DA08CEA2AD1874E008645B6 /* SceneDelegate.swift */ = {isa = PBXFileReference; lastKnownFileType = sourcecode.swift; path = SceneDelegate.swift; sourceTree = "<group>"; };
		3DA08CF12AD1874F008645B6 /* Assets.xcassets */ = {isa = PBXFileReference; lastKnownFileType = folder.assetcatalog; path = Assets.xcassets; sourceTree = "<group>"; };
		3DA08CF42AD1874F008645B6 /* Base */ = {isa = PBXFileReference; lastKnownFileType = file.storyboard; name = Base; path = Base.lproj/LaunchScreen.storyboard; sourceTree = "<group>"; };
		3DA08CF62AD1874F008645B6 /* Info.plist */ = {isa = PBXFileReference; lastKnownFileType = text.plist.xml; path = Info.plist; sourceTree = "<group>"; };
		3DA08CFB2AD1874F008645B6 /* WeatherAppTests.xctest */ = {isa = PBXFileReference; explicitFileType = wrapper.cfbundle; includeInIndex = 0; path = WeatherAppTests.xctest; sourceTree = BUILT_PRODUCTS_DIR; };
		3DA08CFF2AD1874F008645B6 /* WeatherAppTests.swift */ = {isa = PBXFileReference; lastKnownFileType = sourcecode.swift; path = WeatherAppTests.swift; sourceTree = "<group>"; };
		3DA08D192AD18C36008645B6 /* WeatherView.swift */ = {isa = PBXFileReference; lastKnownFileType = sourcecode.swift; path = WeatherView.swift; sourceTree = "<group>"; };
		3DA08D1E2AD18F4F008645B6 /* WeatherViewModel.swift */ = {isa = PBXFileReference; lastKnownFileType = sourcecode.swift; path = WeatherViewModel.swift; sourceTree = "<group>"; };
		3DA08D222AD19115008645B6 /* HTTPClient.swift */ = {isa = PBXFileReference; lastKnownFileType = sourcecode.swift; path = HTTPClient.swift; sourceTree = "<group>"; };
		3DA08D242AD19127008645B6 /* HTTPClientTask.swift */ = {isa = PBXFileReference; lastKnownFileType = sourcecode.swift; path = HTTPClientTask.swift; sourceTree = "<group>"; };
		3DA08D262AD191E5008645B6 /* URLSessionHTTPClientTask.swift */ = {isa = PBXFileReference; lastKnownFileType = sourcecode.swift; path = URLSessionHTTPClientTask.swift; sourceTree = "<group>"; };
		3DA08D292AD1955A008645B6 /* CurrentWeatherNetworkService.swift */ = {isa = PBXFileReference; lastKnownFileType = sourcecode.swift; path = CurrentWeatherNetworkService.swift; sourceTree = "<group>"; };
		3DA08D2B2AD1977C008645B6 /* CurrentWeather.swift */ = {isa = PBXFileReference; lastKnownFileType = sourcecode.swift; path = CurrentWeather.swift; sourceTree = "<group>"; };
		3DA08D2D2AD19A5A008645B6 /* CurrentWeatherService.swift */ = {isa = PBXFileReference; lastKnownFileType = sourcecode.swift; path = CurrentWeatherService.swift; sourceTree = "<group>"; };
		3DA08D2F2AD19DD8008645B6 /* APISecrets.swift */ = {isa = PBXFileReference; lastKnownFileType = sourcecode.swift; path = APISecrets.swift; sourceTree = "<group>"; };
		3DA08D322AD1DAF0008645B6 /* CurrentWeatherMain.swift */ = {isa = PBXFileReference; lastKnownFileType = sourcecode.swift; path = CurrentWeatherMain.swift; sourceTree = "<group>"; };
		3DA08D342AD1DC9E008645B6 /* WeatherCondition.swift */ = {isa = PBXFileReference; lastKnownFileType = sourcecode.swift; path = WeatherCondition.swift; sourceTree = "<group>"; };
		3DA08D362AD1E168008645B6 /* WeatherMapper.swift */ = {isa = PBXFileReference; lastKnownFileType = sourcecode.swift; path = WeatherMapper.swift; sourceTree = "<group>"; };
		3DA08D382AD1E2A3008645B6 /* NetworkError.swift */ = {isa = PBXFileReference; lastKnownFileType = sourcecode.swift; path = NetworkError.swift; sourceTree = "<group>"; };
		3DA08D3D2AD2A814008645B6 /* SearchView.swift */ = {isa = PBXFileReference; lastKnownFileType = sourcecode.swift; path = SearchView.swift; sourceTree = "<group>"; };
		3DA08D3F2AD2A830008645B6 /* SearchViewModel.swift */ = {isa = PBXFileReference; lastKnownFileType = sourcecode.swift; path = SearchViewModel.swift; sourceTree = "<group>"; };
		3DA08D412AD2C312008645B6 /* WeatherLocationService.swift */ = {isa = PBXFileReference; lastKnownFileType = sourcecode.swift; path = WeatherLocationService.swift; sourceTree = "<group>"; };
		3DA08D432AD2C31F008645B6 /* WeatherLocationNetworkService.swift */ = {isa = PBXFileReference; lastKnownFileType = sourcecode.swift; path = WeatherLocationNetworkService.swift; sourceTree = "<group>"; };
		3DA08D452AD2C499008645B6 /* WeatherLocation.swift */ = {isa = PBXFileReference; lastKnownFileType = sourcecode.swift; path = WeatherLocation.swift; sourceTree = "<group>"; };
		3DA08D472AD2D27E008645B6 /* WeatherLocationMapper.swift */ = {isa = PBXFileReference; lastKnownFileType = sourcecode.swift; path = WeatherLocationMapper.swift; sourceTree = "<group>"; };
		3DA08D4B2AD339F5008645B6 /* LocationService.swift */ = {isa = PBXFileReference; lastKnownFileType = sourcecode.swift; path = LocationService.swift; sourceTree = "<group>"; };
		3DA08D4D2AD36116008645B6 /* Coordinate.swift */ = {isa = PBXFileReference; lastKnownFileType = sourcecode.swift; path = Coordinate.swift; sourceTree = "<group>"; };
		3DA08D502AD361DE008645B6 /* LocationServiceError.swift */ = {isa = PBXFileReference; lastKnownFileType = sourcecode.swift; path = LocationServiceError.swift; sourceTree = "<group>"; };
		3DA08D522AD361F2008645B6 /* CurrentLocationService.swift */ = {isa = PBXFileReference; lastKnownFileType = sourcecode.swift; path = CurrentLocationService.swift; sourceTree = "<group>"; };
		3DA08D542AD4157F008645B6 /* Endpoint.swift */ = {isa = PBXFileReference; lastKnownFileType = sourcecode.swift; path = Endpoint.swift; sourceTree = "<group>"; };
		3DA08D562AD47D3A008645B6 /* Units.swift */ = {isa = PBXFileReference; lastKnownFileType = sourcecode.swift; path = Units.swift; sourceTree = "<group>"; };
		3DA08D582AD482DC008645B6 /* Constants.swift */ = {isa = PBXFileReference; lastKnownFileType = sourcecode.swift; path = Constants.swift; sourceTree = "<group>"; };
		3DA08D5A2AD54C2D008645B6 /* State.swift */ = {isa = PBXFileReference; lastKnownFileType = sourcecode.swift; path = State.swift; sourceTree = "<group>"; };
		3DA08D5C2AD5751F008645B6 /* Wind.swift */ = {isa = PBXFileReference; lastKnownFileType = sourcecode.swift; path = Wind.swift; sourceTree = "<group>"; };
		3DA08D5E2AD57537008645B6 /* Clouds.swift */ = {isa = PBXFileReference; lastKnownFileType = sourcecode.swift; path = Clouds.swift; sourceTree = "<group>"; };
		3DA08D602AD57544008645B6 /* Sun.swift */ = {isa = PBXFileReference; lastKnownFileType = sourcecode.swift; path = Sun.swift; sourceTree = "<group>"; };
		3DA08D622AD57A29008645B6 /* WeatherDisplayModel.swift */ = {isa = PBXFileReference; lastKnownFileType = sourcecode.swift; path = WeatherDisplayModel.swift; sourceTree = "<group>"; };
		3DA08D642AD6FACA008645B6 /* View+RoundedCorners.swift */ = {isa = PBXFileReference; lastKnownFileType = sourcecode.swift; path = "View+RoundedCorners.swift"; sourceTree = "<group>"; };
		3DA08D662AD6FAF8008645B6 /* WeatherDataHalfCell.swift */ = {isa = PBXFileReference; lastKnownFileType = sourcecode.swift; path = WeatherDataHalfCell.swift; sourceTree = "<group>"; };
		3DA08D682AD6FB0F008645B6 /* WeatherDataCell.swift */ = {isa = PBXFileReference; lastKnownFileType = sourcecode.swift; path = WeatherDataCell.swift; sourceTree = "<group>"; };
		3DA08D6A2AD6FB78008645B6 /* ErrorView.swift */ = {isa = PBXFileReference; lastKnownFileType = sourcecode.swift; path = ErrorView.swift; sourceTree = "<group>"; };
		3DA08D6D2AD6FBC2008645B6 /* WeatherContentView.swift */ = {isa = PBXFileReference; lastKnownFileType = sourcecode.swift; path = WeatherContentView.swift; sourceTree = "<group>"; };
		3DA08D6F2AD72975008645B6 /* WeatherBackround.swift */ = {isa = PBXFileReference; lastKnownFileType = sourcecode.swift; path = WeatherBackround.swift; sourceTree = "<group>"; };
/* End PBXFileReference section */

/* Begin PBXFrameworksBuildPhase section */
		3DA08CE22AD1874E008645B6 /* Frameworks */ = {
			isa = PBXFrameworksBuildPhase;
			buildActionMask = 2147483647;
			files = (
			);
			runOnlyForDeploymentPostprocessing = 0;
		};
		3DA08CF82AD1874F008645B6 /* Frameworks */ = {
			isa = PBXFrameworksBuildPhase;
			buildActionMask = 2147483647;
			files = (
			);
			runOnlyForDeploymentPostprocessing = 0;
		};
/* End PBXFrameworksBuildPhase section */

/* Begin PBXGroup section */
		3DA08CDC2AD1874E008645B6 = {
			isa = PBXGroup;
			children = (
				3DA08CE72AD1874E008645B6 /* WeatherApp */,
				3DA08CFE2AD1874F008645B6 /* WeatherAppTests */,
				3DA08CE62AD1874E008645B6 /* Products */,
			);
			sourceTree = "<group>";
		};
		3DA08CE62AD1874E008645B6 /* Products */ = {
			isa = PBXGroup;
			children = (
				3DA08CE52AD1874E008645B6 /* WeatherApp.app */,
				3DA08CFB2AD1874F008645B6 /* WeatherAppTests.xctest */,
			);
			name = Products;
			sourceTree = "<group>";
		};
		3DA08CE72AD1874E008645B6 /* WeatherApp */ = {
			isa = PBXGroup;
			children = (
				3DA08D182AD18839008645B6 /* Application */,
				3DA08D212AD190F3008645B6 /* API */,
				3DA08D4F2AD361C8008645B6 /* LocationService */,
				3DA08D282AD193B3008645B6 /* Network */,
				3DA08D312AD19EB8008645B6 /* Model */,
				3DA08D1B2AD18E34008645B6 /* Screen */,
			);
			path = WeatherApp;
			sourceTree = "<group>";
		};
		3DA08CFE2AD1874F008645B6 /* WeatherAppTests */ = {
			isa = PBXGroup;
			children = (
				3DA08CFF2AD1874F008645B6 /* WeatherAppTests.swift */,
			);
			path = WeatherAppTests;
			sourceTree = "<group>";
		};
		3DA08D182AD18839008645B6 /* Application */ = {
			isa = PBXGroup;
			children = (
				3DA08CE82AD1874E008645B6 /* AppDelegate.swift */,
				3DA08CEA2AD1874E008645B6 /* SceneDelegate.swift */,
				3DA08CF12AD1874F008645B6 /* Assets.xcassets */,
				3DA08CF32AD1874F008645B6 /* LaunchScreen.storyboard */,
				3DA08CF62AD1874F008645B6 /* Info.plist */,
			);
			path = Application;
			sourceTree = "<group>";
		};
		3DA08D1B2AD18E34008645B6 /* Screen */ = {
			isa = PBXGroup;
			children = (
				3DA08D6C2AD6FBA3008645B6 /* Shared */,
				3DA08D3A2AD2A7DC008645B6 /* Search */,
				3DA08D1C2AD18EF4008645B6 /* Weather */,
			);
			path = Screen;
			sourceTree = "<group>";
		};
		3DA08D1C2AD18EF4008645B6 /* Weather */ = {
			isa = PBXGroup;
			children = (
				3DA08D1D2AD18F12008645B6 /* View */,
				3DA08D202AD18F54008645B6 /* ViewModel */,
			);
			path = Weather;
			sourceTree = "<group>";
		};
		3DA08D1D2AD18F12008645B6 /* View */ = {
			isa = PBXGroup;
			children = (
				3DA08D192AD18C36008645B6 /* WeatherView.swift */,
				3DA08D6D2AD6FBC2008645B6 /* WeatherContentView.swift */,
				3DA08D682AD6FB0F008645B6 /* WeatherDataCell.swift */,
				3DA08D662AD6FAF8008645B6 /* WeatherDataHalfCell.swift */,
			);
			path = View;
			sourceTree = "<group>";
		};
		3DA08D202AD18F54008645B6 /* ViewModel */ = {
			isa = PBXGroup;
			children = (
				3DA08D1E2AD18F4F008645B6 /* WeatherViewModel.swift */,
				3DA08D622AD57A29008645B6 /* WeatherDisplayModel.swift */,
			);
			path = ViewModel;
			sourceTree = "<group>";
		};
		3DA08D212AD190F3008645B6 /* API */ = {
			isa = PBXGroup;
			children = (
				3DA08D222AD19115008645B6 /* HTTPClient.swift */,
				3DA08D242AD19127008645B6 /* HTTPClientTask.swift */,
				3DA08D262AD191E5008645B6 /* URLSessionHTTPClientTask.swift */,
				3DA08D2F2AD19DD8008645B6 /* APISecrets.swift */,
				3DA08D542AD4157F008645B6 /* Endpoint.swift */,
			);
			path = API;
			sourceTree = "<group>";
		};
		3DA08D282AD193B3008645B6 /* Network */ = {
			isa = PBXGroup;
			children = (
				3DA08D382AD1E2A3008645B6 /* NetworkError.swift */,
				3DA08D4A2AD32957008645B6 /* CurrentWeatherService */,
				3DA08D492AD3293F008645B6 /* WeatherLocationService */,
			);
			path = Network;
			sourceTree = "<group>";
		};
		3DA08D312AD19EB8008645B6 /* Model */ = {
			isa = PBXGroup;
			children = (
				3DA08D2B2AD1977C008645B6 /* CurrentWeather.swift */,
				3DA08D342AD1DC9E008645B6 /* WeatherCondition.swift */,
				3DA08D322AD1DAF0008645B6 /* CurrentWeatherMain.swift */,
				3DA08D5C2AD5751F008645B6 /* Wind.swift */,
				3DA08D602AD57544008645B6 /* Sun.swift */,
				3DA08D5E2AD57537008645B6 /* Clouds.swift */,
				3DA08D452AD2C499008645B6 /* WeatherLocation.swift */,
				3DA08D4D2AD36116008645B6 /* Coordinate.swift */,
				3DA08D562AD47D3A008645B6 /* Units.swift */,
				3DA08D5A2AD54C2D008645B6 /* State.swift */,
				3DA08D582AD482DC008645B6 /* Constants.swift */,
			);
			path = Model;
			sourceTree = "<group>";
		};
		3DA08D3A2AD2A7DC008645B6 /* Search */ = {
			isa = PBXGroup;
			children = (
				3DA08D3C2AD2A7EC008645B6 /* View */,
				3DA08D3B2AD2A7E5008645B6 /* ViewModel */,
			);
			path = Search;
			sourceTree = "<group>";
		};
		3DA08D3B2AD2A7E5008645B6 /* ViewModel */ = {
			isa = PBXGroup;
			children = (
				3DA08D3F2AD2A830008645B6 /* SearchViewModel.swift */,
			);
			path = ViewModel;
			sourceTree = "<group>";
		};
		3DA08D3C2AD2A7EC008645B6 /* View */ = {
			isa = PBXGroup;
			children = (
				3DA08D3D2AD2A814008645B6 /* SearchView.swift */,
			);
			path = View;
			sourceTree = "<group>";
		};
		3DA08D492AD3293F008645B6 /* WeatherLocationService */ = {
			isa = PBXGroup;
			children = (
				3DA08D412AD2C312008645B6 /* WeatherLocationService.swift */,
				3DA08D432AD2C31F008645B6 /* WeatherLocationNetworkService.swift */,
				3DA08D472AD2D27E008645B6 /* WeatherLocationMapper.swift */,
			);
			path = WeatherLocationService;
			sourceTree = "<group>";
		};
		3DA08D4A2AD32957008645B6 /* CurrentWeatherService */ = {
			isa = PBXGroup;
			children = (
				3DA08D2D2AD19A5A008645B6 /* CurrentWeatherService.swift */,
				3DA08D292AD1955A008645B6 /* CurrentWeatherNetworkService.swift */,
				3DA08D362AD1E168008645B6 /* WeatherMapper.swift */,
			);
			path = CurrentWeatherService;
			sourceTree = "<group>";
		};
		3DA08D4F2AD361C8008645B6 /* LocationService */ = {
			isa = PBXGroup;
			children = (
				3DA08D4B2AD339F5008645B6 /* LocationService.swift */,
				3DA08D502AD361DE008645B6 /* LocationServiceError.swift */,
				3DA08D522AD361F2008645B6 /* CurrentLocationService.swift */,
			);
			path = LocationService;
			sourceTree = "<group>";
		};
		3DA08D6C2AD6FBA3008645B6 /* Shared */ = {
			isa = PBXGroup;
			children = (
				3DA08D642AD6FACA008645B6 /* View+RoundedCorners.swift */,
				3DA08D6A2AD6FB78008645B6 /* ErrorView.swift */,
				3DA08D6F2AD72975008645B6 /* WeatherBackround.swift */,
			);
			path = Shared;
			sourceTree = "<group>";
		};
/* End PBXGroup section */

/* Begin PBXNativeTarget section */
		3DA08CE42AD1874E008645B6 /* WeatherApp */ = {
			isa = PBXNativeTarget;
			buildConfigurationList = 3DA08D0F2AD1874F008645B6 /* Build configuration list for PBXNativeTarget "WeatherApp" */;
			buildPhases = (
				3DA08CE12AD1874E008645B6 /* Sources */,
				3DA08CE22AD1874E008645B6 /* Frameworks */,
				3DA08CE32AD1874E008645B6 /* Resources */,
			);
			buildRules = (
			);
			dependencies = (
			);
			name = WeatherApp;
			productName = WeatherApp;
			productReference = 3DA08CE52AD1874E008645B6 /* WeatherApp.app */;
			productType = "com.apple.product-type.application";
		};
		3DA08CFA2AD1874F008645B6 /* WeatherAppTests */ = {
			isa = PBXNativeTarget;
			buildConfigurationList = 3DA08D122AD1874F008645B6 /* Build configuration list for PBXNativeTarget "WeatherAppTests" */;
			buildPhases = (
				3DA08CF72AD1874F008645B6 /* Sources */,
				3DA08CF82AD1874F008645B6 /* Frameworks */,
				3DA08CF92AD1874F008645B6 /* Resources */,
			);
			buildRules = (
			);
			dependencies = (
				3DA08CFD2AD1874F008645B6 /* PBXTargetDependency */,
			);
			name = WeatherAppTests;
			productName = WeatherAppTests;
			productReference = 3DA08CFB2AD1874F008645B6 /* WeatherAppTests.xctest */;
			productType = "com.apple.product-type.bundle.unit-test";
		};
/* End PBXNativeTarget section */

/* Begin PBXProject section */
		3DA08CDD2AD1874E008645B6 /* Project object */ = {
			isa = PBXProject;
			attributes = {
				BuildIndependentTargetsInParallel = 1;
				LastSwiftUpdateCheck = 1410;
				LastUpgradeCheck = 1410;
				TargetAttributes = {
					3DA08CE42AD1874E008645B6 = {
						CreatedOnToolsVersion = 14.1;
					};
					3DA08CFA2AD1874F008645B6 = {
						CreatedOnToolsVersion = 14.1;
						TestTargetID = 3DA08CE42AD1874E008645B6;
					};
				};
			};
			buildConfigurationList = 3DA08CE02AD1874E008645B6 /* Build configuration list for PBXProject "WeatherApp" */;
			compatibilityVersion = "Xcode 14.0";
			developmentRegion = en;
			hasScannedForEncodings = 0;
			knownRegions = (
				en,
				Base,
			);
			mainGroup = 3DA08CDC2AD1874E008645B6;
			productRefGroup = 3DA08CE62AD1874E008645B6 /* Products */;
			projectDirPath = "";
			projectRoot = "";
			targets = (
				3DA08CE42AD1874E008645B6 /* WeatherApp */,
				3DA08CFA2AD1874F008645B6 /* WeatherAppTests */,
			);
		};
/* End PBXProject section */

/* Begin PBXResourcesBuildPhase section */
		3DA08CE32AD1874E008645B6 /* Resources */ = {
			isa = PBXResourcesBuildPhase;
			buildActionMask = 2147483647;
			files = (
				3DA08CF52AD1874F008645B6 /* LaunchScreen.storyboard in Resources */,
				3DA08CF22AD1874F008645B6 /* Assets.xcassets in Resources */,
			);
			runOnlyForDeploymentPostprocessing = 0;
		};
		3DA08CF92AD1874F008645B6 /* Resources */ = {
			isa = PBXResourcesBuildPhase;
			buildActionMask = 2147483647;
			files = (
			);
			runOnlyForDeploymentPostprocessing = 0;
		};
/* End PBXResourcesBuildPhase section */

/* Begin PBXSourcesBuildPhase section */
		3DA08CE12AD1874E008645B6 /* Sources */ = {
			isa = PBXSourcesBuildPhase;
			buildActionMask = 2147483647;
			files = (
				3DA08D482AD2D27E008645B6 /* WeatherLocationMapper.swift in Sources */,
				3DA08D2E2AD19A5A008645B6 /* CurrentWeatherService.swift in Sources */,
				3DA08D6B2AD6FB78008645B6 /* ErrorView.swift in Sources */,
				3DA08D1A2AD18C36008645B6 /* WeatherView.swift in Sources */,
				3DA08D232AD19115008645B6 /* HTTPClient.swift in Sources */,
				3DA08D4E2AD36116008645B6 /* Coordinate.swift in Sources */,
				3DA08D1F2AD18F4F008645B6 /* WeatherViewModel.swift in Sources */,
				3DA08D252AD19127008645B6 /* HTTPClientTask.swift in Sources */,
				3DA08D4C2AD339F5008645B6 /* LocationService.swift in Sources */,
				3DA08D462AD2C499008645B6 /* WeatherLocation.swift in Sources */,
				3DA08D2C2AD1977C008645B6 /* CurrentWeather.swift in Sources */,
				3DA08D692AD6FB0F008645B6 /* WeatherDataCell.swift in Sources */,
				3DA08D272AD191E5008645B6 /* URLSessionHTTPClientTask.swift in Sources */,
				3DA08D5D2AD5751F008645B6 /* Wind.swift in Sources */,
				3DA08D702AD72975008645B6 /* WeatherBackround.swift in Sources */,
				3DA08D592AD482DC008645B6 /* Constants.swift in Sources */,
				3DA08D652AD6FACA008645B6 /* View+RoundedCorners.swift in Sources */,
				3DA08CE92AD1874E008645B6 /* AppDelegate.swift in Sources */,
				3DA08D532AD361F2008645B6 /* CurrentLocationService.swift in Sources */,
				3DA08D632AD57A29008645B6 /* WeatherDisplayModel.swift in Sources */,
				3DA08D442AD2C31F008645B6 /* WeatherLocationNetworkService.swift in Sources */,
				3DA08D352AD1DC9E008645B6 /* WeatherCondition.swift in Sources */,
				3DA08D392AD1E2A3008645B6 /* NetworkError.swift in Sources */,
				3DA08D302AD19DD8008645B6 /* APISecrets.swift in Sources */,
				3DA08CEB2AD1874E008645B6 /* SceneDelegate.swift in Sources */,
				3DA08D512AD361DE008645B6 /* LocationServiceError.swift in Sources */,
				3DA08D3E2AD2A814008645B6 /* SearchView.swift in Sources */,
				3DA08D372AD1E168008645B6 /* WeatherMapper.swift in Sources */,
				3DA08D402AD2A830008645B6 /* SearchViewModel.swift in Sources */,
				3DA08D2A2AD1955A008645B6 /* CurrentWeatherNetworkService.swift in Sources */,
				3DA08D6E2AD6FBC2008645B6 /* WeatherContentView.swift in Sources */,
				3DA08D552AD4157F008645B6 /* Endpoint.swift in Sources */,
				3DA08D612AD57544008645B6 /* Sun.swift in Sources */,
				3DA08D332AD1DAF0008645B6 /* CurrentWeatherMain.swift in Sources */,
				3DA08D5F2AD57537008645B6 /* Clouds.swift in Sources */,
				3DA08D572AD47D3A008645B6 /* Units.swift in Sources */,
				3DA08D422AD2C312008645B6 /* WeatherLocationService.swift in Sources */,
				3DA08D5B2AD54C2D008645B6 /* State.swift in Sources */,
				3DA08D672AD6FAF8008645B6 /* WeatherDataHalfCell.swift in Sources */,
			);
			runOnlyForDeploymentPostprocessing = 0;
		};
		3DA08CF72AD1874F008645B6 /* Sources */ = {
			isa = PBXSourcesBuildPhase;
			buildActionMask = 2147483647;
			files = (
				3DA08D002AD1874F008645B6 /* WeatherAppTests.swift in Sources */,
			);
			runOnlyForDeploymentPostprocessing = 0;
		};
/* End PBXSourcesBuildPhase section */

/* Begin PBXTargetDependency section */
		3DA08CFD2AD1874F008645B6 /* PBXTargetDependency */ = {
			isa = PBXTargetDependency;
			target = 3DA08CE42AD1874E008645B6 /* WeatherApp */;
			targetProxy = 3DA08CFC2AD1874F008645B6 /* PBXContainerItemProxy */;
		};
/* End PBXTargetDependency section */

/* Begin PBXVariantGroup section */
		3DA08CF32AD1874F008645B6 /* LaunchScreen.storyboard */ = {
			isa = PBXVariantGroup;
			children = (
				3DA08CF42AD1874F008645B6 /* Base */,
			);
			name = LaunchScreen.storyboard;
			sourceTree = "<group>";
		};
/* End PBXVariantGroup section */

/* Begin XCBuildConfiguration section */
		3DA08D0D2AD1874F008645B6 /* Debug */ = {
			isa = XCBuildConfiguration;
			buildSettings = {
				ALWAYS_SEARCH_USER_PATHS = NO;
				CLANG_ANALYZER_NONNULL = YES;
				CLANG_ANALYZER_NUMBER_OBJECT_CONVERSION = YES_AGGRESSIVE;
				CLANG_CXX_LANGUAGE_STANDARD = "gnu++20";
				CLANG_ENABLE_MODULES = YES;
				CLANG_ENABLE_OBJC_ARC = YES;
				CLANG_ENABLE_OBJC_WEAK = YES;
				CLANG_WARN_BLOCK_CAPTURE_AUTORELEASING = YES;
				CLANG_WARN_BOOL_CONVERSION = YES;
				CLANG_WARN_COMMA = YES;
				CLANG_WARN_CONSTANT_CONVERSION = YES;
				CLANG_WARN_DEPRECATED_OBJC_IMPLEMENTATIONS = YES;
				CLANG_WARN_DIRECT_OBJC_ISA_USAGE = YES_ERROR;
				CLANG_WARN_DOCUMENTATION_COMMENTS = YES;
				CLANG_WARN_EMPTY_BODY = YES;
				CLANG_WARN_ENUM_CONVERSION = YES;
				CLANG_WARN_INFINITE_RECURSION = YES;
				CLANG_WARN_INT_CONVERSION = YES;
				CLANG_WARN_NON_LITERAL_NULL_CONVERSION = YES;
				CLANG_WARN_OBJC_IMPLICIT_RETAIN_SELF = YES;
				CLANG_WARN_OBJC_LITERAL_CONVERSION = YES;
				CLANG_WARN_OBJC_ROOT_CLASS = YES_ERROR;
				CLANG_WARN_QUOTED_INCLUDE_IN_FRAMEWORK_HEADER = YES;
				CLANG_WARN_RANGE_LOOP_ANALYSIS = YES;
				CLANG_WARN_STRICT_PROTOTYPES = YES;
				CLANG_WARN_SUSPICIOUS_MOVE = YES;
				CLANG_WARN_UNGUARDED_AVAILABILITY = YES_AGGRESSIVE;
				CLANG_WARN_UNREACHABLE_CODE = YES;
				CLANG_WARN__DUPLICATE_METHOD_MATCH = YES;
				COPY_PHASE_STRIP = NO;
				DEBUG_INFORMATION_FORMAT = dwarf;
				ENABLE_STRICT_OBJC_MSGSEND = YES;
				ENABLE_TESTABILITY = YES;
				GCC_C_LANGUAGE_STANDARD = gnu11;
				GCC_DYNAMIC_NO_PIC = NO;
				GCC_NO_COMMON_BLOCKS = YES;
				GCC_OPTIMIZATION_LEVEL = 0;
				GCC_PREPROCESSOR_DEFINITIONS = (
					"DEBUG=1",
					"$(inherited)",
				);
				GCC_WARN_64_TO_32_BIT_CONVERSION = YES;
				GCC_WARN_ABOUT_RETURN_TYPE = YES_ERROR;
				GCC_WARN_UNDECLARED_SELECTOR = YES;
				GCC_WARN_UNINITIALIZED_AUTOS = YES_AGGRESSIVE;
				GCC_WARN_UNUSED_FUNCTION = YES;
				GCC_WARN_UNUSED_VARIABLE = YES;
				IPHONEOS_DEPLOYMENT_TARGET = 14.0;
				MTL_ENABLE_DEBUG_INFO = INCLUDE_SOURCE;
				MTL_FAST_MATH = YES;
				ONLY_ACTIVE_ARCH = YES;
				SDKROOT = iphoneos;
				SWIFT_ACTIVE_COMPILATION_CONDITIONS = DEBUG;
				SWIFT_OPTIMIZATION_LEVEL = "-Onone";
			};
			name = Debug;
		};
		3DA08D0E2AD1874F008645B6 /* Release */ = {
			isa = XCBuildConfiguration;
			buildSettings = {
				ALWAYS_SEARCH_USER_PATHS = NO;
				CLANG_ANALYZER_NONNULL = YES;
				CLANG_ANALYZER_NUMBER_OBJECT_CONVERSION = YES_AGGRESSIVE;
				CLANG_CXX_LANGUAGE_STANDARD = "gnu++20";
				CLANG_ENABLE_MODULES = YES;
				CLANG_ENABLE_OBJC_ARC = YES;
				CLANG_ENABLE_OBJC_WEAK = YES;
				CLANG_WARN_BLOCK_CAPTURE_AUTORELEASING = YES;
				CLANG_WARN_BOOL_CONVERSION = YES;
				CLANG_WARN_COMMA = YES;
				CLANG_WARN_CONSTANT_CONVERSION = YES;
				CLANG_WARN_DEPRECATED_OBJC_IMPLEMENTATIONS = YES;
				CLANG_WARN_DIRECT_OBJC_ISA_USAGE = YES_ERROR;
				CLANG_WARN_DOCUMENTATION_COMMENTS = YES;
				CLANG_WARN_EMPTY_BODY = YES;
				CLANG_WARN_ENUM_CONVERSION = YES;
				CLANG_WARN_INFINITE_RECURSION = YES;
				CLANG_WARN_INT_CONVERSION = YES;
				CLANG_WARN_NON_LITERAL_NULL_CONVERSION = YES;
				CLANG_WARN_OBJC_IMPLICIT_RETAIN_SELF = YES;
				CLANG_WARN_OBJC_LITERAL_CONVERSION = YES;
				CLANG_WARN_OBJC_ROOT_CLASS = YES_ERROR;
				CLANG_WARN_QUOTED_INCLUDE_IN_FRAMEWORK_HEADER = YES;
				CLANG_WARN_RANGE_LOOP_ANALYSIS = YES;
				CLANG_WARN_STRICT_PROTOTYPES = YES;
				CLANG_WARN_SUSPICIOUS_MOVE = YES;
				CLANG_WARN_UNGUARDED_AVAILABILITY = YES_AGGRESSIVE;
				CLANG_WARN_UNREACHABLE_CODE = YES;
				CLANG_WARN__DUPLICATE_METHOD_MATCH = YES;
				COPY_PHASE_STRIP = NO;
				DEBUG_INFORMATION_FORMAT = "dwarf-with-dsym";
				ENABLE_NS_ASSERTIONS = NO;
				ENABLE_STRICT_OBJC_MSGSEND = YES;
				GCC_C_LANGUAGE_STANDARD = gnu11;
				GCC_NO_COMMON_BLOCKS = YES;
				GCC_WARN_64_TO_32_BIT_CONVERSION = YES;
				GCC_WARN_ABOUT_RETURN_TYPE = YES_ERROR;
				GCC_WARN_UNDECLARED_SELECTOR = YES;
				GCC_WARN_UNINITIALIZED_AUTOS = YES_AGGRESSIVE;
				GCC_WARN_UNUSED_FUNCTION = YES;
				GCC_WARN_UNUSED_VARIABLE = YES;
				IPHONEOS_DEPLOYMENT_TARGET = 14.0;
				MTL_ENABLE_DEBUG_INFO = NO;
				MTL_FAST_MATH = YES;
				SDKROOT = iphoneos;
				SWIFT_COMPILATION_MODE = wholemodule;
				SWIFT_OPTIMIZATION_LEVEL = "-O";
				VALIDATE_PRODUCT = YES;
			};
			name = Release;
		};
		3DA08D102AD1874F008645B6 /* Debug */ = {
			isa = XCBuildConfiguration;
			buildSettings = {
				ASSETCATALOG_COMPILER_APPICON_NAME = AppIcon;
				ASSETCATALOG_COMPILER_GLOBAL_ACCENT_COLOR_NAME = AccentColor;
				CODE_SIGN_STYLE = Automatic;
				CURRENT_PROJECT_VERSION = 1;
				DEVELOPMENT_TEAM = UK96588ZD7;
				GENERATE_INFOPLIST_FILE = YES;
				INFOPLIST_FILE = WeatherApp/Application/Info.plist;
				INFOPLIST_KEY_UIApplicationSupportsIndirectInputEvents = YES;
				INFOPLIST_KEY_UILaunchStoryboardName = LaunchScreen;
				INFOPLIST_KEY_UISupportedInterfaceOrientations = "UIInterfaceOrientationLandscapeLeft UIInterfaceOrientationLandscapeRight UIInterfaceOrientationPortrait";
				INFOPLIST_KEY_UISupportedInterfaceOrientations_iPad = "UIInterfaceOrientationLandscapeLeft UIInterfaceOrientationLandscapeRight UIInterfaceOrientationPortrait UIInterfaceOrientationPortraitUpsideDown";
				LD_RUNPATH_SEARCH_PATHS = (
					"$(inherited)",
					"@executable_path/Frameworks",
				);
				MARKETING_VERSION = 1.0;
				PRODUCT_BUNDLE_IDENTIFIER = "Liza-Kryshkovskaya.WeatherApp";
				PRODUCT_NAME = "$(TARGET_NAME)";
				SWIFT_EMIT_LOC_STRINGS = YES;
				SWIFT_VERSION = 5.0;
				TARGETED_DEVICE_FAMILY = "1,2";
			};
			name = Debug;
		};
		3DA08D112AD1874F008645B6 /* Release */ = {
			isa = XCBuildConfiguration;
			buildSettings = {
				ASSETCATALOG_COMPILER_APPICON_NAME = AppIcon;
				ASSETCATALOG_COMPILER_GLOBAL_ACCENT_COLOR_NAME = AccentColor;
				CODE_SIGN_STYLE = Automatic;
				CURRENT_PROJECT_VERSION = 1;
				DEVELOPMENT_TEAM = UK96588ZD7;
				GENERATE_INFOPLIST_FILE = YES;
				INFOPLIST_FILE = WeatherApp/Application/Info.plist;
				INFOPLIST_KEY_UIApplicationSupportsIndirectInputEvents = YES;
				INFOPLIST_KEY_UILaunchStoryboardName = LaunchScreen;
				INFOPLIST_KEY_UISupportedInterfaceOrientations = "UIInterfaceOrientationLandscapeLeft UIInterfaceOrientationLandscapeRight UIInterfaceOrientationPortrait";
				INFOPLIST_KEY_UISupportedInterfaceOrientations_iPad = "UIInterfaceOrientationLandscapeLeft UIInterfaceOrientationLandscapeRight UIInterfaceOrientationPortrait UIInterfaceOrientationPortraitUpsideDown";
				LD_RUNPATH_SEARCH_PATHS = (
					"$(inherited)",
					"@executable_path/Frameworks",
				);
				MARKETING_VERSION = 1.0;
				PRODUCT_BUNDLE_IDENTIFIER = "Liza-Kryshkovskaya.WeatherApp";
				PRODUCT_NAME = "$(TARGET_NAME)";
				SWIFT_EMIT_LOC_STRINGS = YES;
				SWIFT_VERSION = 5.0;
				TARGETED_DEVICE_FAMILY = "1,2";
			};
			name = Release;
		};
		3DA08D132AD1874F008645B6 /* Debug */ = {
			isa = XCBuildConfiguration;
			buildSettings = {
				ALWAYS_EMBED_SWIFT_STANDARD_LIBRARIES = YES;
				BUNDLE_LOADER = "$(TEST_HOST)";
				CODE_SIGN_STYLE = Automatic;
				CURRENT_PROJECT_VERSION = 1;
				DEVELOPMENT_TEAM = UK96588ZD7;
				GENERATE_INFOPLIST_FILE = YES;
				IPHONEOS_DEPLOYMENT_TARGET = 13.0;
				MARKETING_VERSION = 1.0;
				PRODUCT_BUNDLE_IDENTIFIER = "Liza-Kryshkovskaya.WeatherAppTests";
				PRODUCT_NAME = "$(TARGET_NAME)";
				SWIFT_EMIT_LOC_STRINGS = NO;
				SWIFT_VERSION = 5.0;
				TARGETED_DEVICE_FAMILY = "1,2";
				TEST_HOST = "$(BUILT_PRODUCTS_DIR)/WeatherApp.app/$(BUNDLE_EXECUTABLE_FOLDER_PATH)/WeatherApp";
			};
			name = Debug;
		};
		3DA08D142AD1874F008645B6 /* Release */ = {
			isa = XCBuildConfiguration;
			buildSettings = {
				ALWAYS_EMBED_SWIFT_STANDARD_LIBRARIES = YES;
				BUNDLE_LOADER = "$(TEST_HOST)";
				CODE_SIGN_STYLE = Automatic;
				CURRENT_PROJECT_VERSION = 1;
				DEVELOPMENT_TEAM = UK96588ZD7;
				GENERATE_INFOPLIST_FILE = YES;
				IPHONEOS_DEPLOYMENT_TARGET = 13.0;
				MARKETING_VERSION = 1.0;
				PRODUCT_BUNDLE_IDENTIFIER = "Liza-Kryshkovskaya.WeatherAppTests";
				PRODUCT_NAME = "$(TARGET_NAME)";
				SWIFT_EMIT_LOC_STRINGS = NO;
				SWIFT_VERSION = 5.0;
				TARGETED_DEVICE_FAMILY = "1,2";
				TEST_HOST = "$(BUILT_PRODUCTS_DIR)/WeatherApp.app/$(BUNDLE_EXECUTABLE_FOLDER_PATH)/WeatherApp";
			};
			name = Release;
		};
/* End XCBuildConfiguration section */

/* Begin XCConfigurationList section */
		3DA08CE02AD1874E008645B6 /* Build configuration list for PBXProject "WeatherApp" */ = {
			isa = XCConfigurationList;
			buildConfigurations = (
				3DA08D0D2AD1874F008645B6 /* Debug */,
				3DA08D0E2AD1874F008645B6 /* Release */,
			);
			defaultConfigurationIsVisible = 0;
			defaultConfigurationName = Release;
		};
		3DA08D0F2AD1874F008645B6 /* Build configuration list for PBXNativeTarget "WeatherApp" */ = {
			isa = XCConfigurationList;
			buildConfigurations = (
				3DA08D102AD1874F008645B6 /* Debug */,
				3DA08D112AD1874F008645B6 /* Release */,
			);
			defaultConfigurationIsVisible = 0;
			defaultConfigurationName = Release;
		};
		3DA08D122AD1874F008645B6 /* Build configuration list for PBXNativeTarget "WeatherAppTests" */ = {
			isa = XCConfigurationList;
			buildConfigurations = (
				3DA08D132AD1874F008645B6 /* Debug */,
				3DA08D142AD1874F008645B6 /* Release */,
			);
			defaultConfigurationIsVisible = 0;
			defaultConfigurationName = Release;
		};
/* End XCConfigurationList section */
	};
	rootObject = 3DA08CDD2AD1874E008645B6 /* Project object */;
}
